
Microsoft Visual Studio Solution File, Format Version 12.00
# Visual Studio Version 17
VisualStudioVersion = 17.4.33403.182
MinimumVisualStudioVersion = 10.0.40219.1
Project("{9A19103F-16F7-4668-BE54-9A1E7A4F7556}") = "DesafioFundamentos", "DesafioFundamentos.csproj", "{A76ABCD4-DC0A-41C1-A1F4-90F0CB9FB28B}"
EndProject
Global
	GlobalSection(SolutionConfigurationPlatforms) = preSolution
		Debug|Any CPU = Debug|Any CPU
		Release|Any CPU = Release|Any CPU
	EndGlobalSection
	GlobalSection(ProjectConfigurationPlatforms) = postSolution
		{A76ABCD4-DC0A-41C1-A1F4-90F0CB9FB28B}.Debug|Any CPU.ActiveCfg = Debug|Any CPU
		{A76ABCD4-DC0A-41C1-A1F4-90F0CB9FB28B}.Debug|Any CPU.Build.0 = Debug|Any CPU
		{A76ABCD4-DC0A-41C1-A1F4-90F0CB9FB28B}.Release|Any CPU.ActiveCfg = Release|Any CPU
		{A76ABCD4-DC0A-41C1-A1F4-90F0CB9FB28B}.Release|Any CPU.Build.0 = Release|Any CPU
	EndGlobalSection
	GlobalSection(SolutionProperties) = preSolution
		HideSolutionNode = FALSE
	EndGlobalSection
	GlobalSection(ExtensibilityGlobals) = postSolution
		SolutionGuid = {A7B03F76-E423-4548-8D49-3FD1AFF40A66}
	EndGlobalSection
EndGlobal
